
Microsoft Visual Studio Solution File, Format Version 12.00
# Visual Studio 2013
VisualStudioVersion = 12.0.40629.0
MinimumVisualStudioVersion = 10.0.40219.1
Project("{FAE04EC0-301F-11D3-BF4B-00C04F79EFBC}") = "UltraPasswordGenerator", "UltraPasswordGenerator\UltraPasswordGenerator.csproj", "{AF73F2F8-D19F-4084-BA2F-7ED4640F07CE}"
EndProject
Global
	GlobalSection(SolutionConfigurationPlatforms) = preSolution
		Debug|Any CPU = Debug|Any CPU
		Release|Any CPU = Release|Any CPU
	EndGlobalSection
	GlobalSection(ProjectConfigurationPlatforms) = postSolution
		{AF73F2F8-D19F-4084-BA2F-7ED4640F07CE}.Debug|Any CPU.ActiveCfg = Debug|Any CPU
		{AF73F2F8-D19F-4084-BA2F-7ED4640F07CE}.Debug|Any CPU.Build.0 = Debug|Any CPU
		{AF73F2F8-D19F-4084-BA2F-7ED4640F07CE}.Release|Any CPU.ActiveCfg = Release|Any CPU
		{AF73F2F8-D19F-4084-BA2F-7ED4640F07CE}.Release|Any CPU.Build.0 = Release|Any CPU
	EndGlobalSection
	GlobalSection(SolutionProperties) = preSolution
		HideSolutionNode = FALSE
	EndGlobalSection
EndGlobal
